PODS:
  - AFNetworking (3.1.0):
    - AFNetworking/NSURLSession (= 3.1.0)
    - AFNetworking/Reachability (= 3.1.0)
    - AFNetworking/Security (= 3.1.0)
    - AFNetworking/Serialization (= 3.1.0)
    - AFNetworking/UIKit (= 3.1.0)
  - AFNetworking/NSURLSession (3.1.0):
    - AFNetworking/Reachability
    - AFNetworking/Security
    - AFNetworking/Serialization
  - AFNetworking/Reachability (3.1.0)
  - AFNetworking/Security (3.1.0)
  - AFNetworking/Serialization (3.1.0)
  - AFNetworking/UIKit (3.1.0):
    - AFNetworking/NSURLSession
  - LZNet (1.0.1):
    - AFNetworking (= 3.1.0)
    - LZNet/Handler (= 1.0.1)
    - LZNet/HUD (= 1.0.1)
    - LZNet/Request (= 1.0.1)
    - LZNet/Result (= 1.0.1)
  - LZNet/Handler (1.0.1):
    - AFNetworking (= 3.1.0)
  - LZNet/HUD (1.0.1):
    - AFNetworking (= 3.1.0)
  - LZNet/Request (1.0.1):
    - AFNetworking (= 3.1.0)
    - LZNet/Handler
    - LZNet/HUD
    - LZNet/Result
  - LZNet/Result (1.0.1):
    - AFNetworking (= 3.1.0)

DEPENDENCIES:
  - LZNet (from `../`)

SPEC REPOS:
  https://github.com/cocoapods/specs.git:
    - AFNetworking

EXTERNAL SOURCES:
  LZNet:
    :path: "../"

SPEC CHECKSUMS:
  AFNetworking: 5e0e199f73d8626b11e79750991f5d173d1f8b67
  LZNet: cb9d65832953c1d4c683cb10cc5d6de76a176d80

PODFILE CHECKSUM: ce54eaf8d05cdba5759f3a6462cd09d874ab7a3c

COCOAPODS: 1.5.3
