PODS:
  - AFNetworking (3.1.0):
    - AFNetworking/NSURLSession (= 3.1.0)
    - AFNetworking/Reachability (= 3.1.0)
    - AFNetworking/Security (= 3.1.0)
    - AFNetworking/Serialization (= 3.1.0)
    - AFNetworking/UIKit (= 3.1.0)
  - AFNetworking/NSURLSession (3.1.0):
    - AFNetworking/Reachability
    - AFNetworking/Security
    - AFNetworking/Serialization
  - AFNetworking/Reachability (3.1.0)
  - AFNetworking/Security (3.1.0)
  - AFNetworking/Serialization (3.1.0)
  - AFNetworking/UIKit (3.1.0):
    - AFNetworking/NSURLSession
  - LZNet (0.1.0):
    - AFNetworking (= 3.1.0)
    - LZNet/Handler (= 0.1.0)
    - LZNet/HUD (= 0.1.0)
    - LZNet/Manager (= 0.1.0)
    - LZNet/Request (= 0.1.0)
    - LZNet/Result (= 0.1.0)
  - LZNet/Handler (0.1.0):
    - AFNetworking (= 3.1.0)
  - LZNet/HUD (0.1.0):
    - AFNetworking (= 3.1.0)
  - LZNet/Manager (0.1.0):
    - AFNetworking (= 3.1.0)
  - LZNet/Request (0.1.0):
    - AFNetworking (= 3.1.0)
  - LZNet/Result (0.1.0):
    - AFNetworking (= 3.1.0)

DEPENDENCIES:
  - LZNet (from `../`)

SPEC REPOS:
  https://github.com/cocoapods/specs.git:
    - AFNetworking

EXTERNAL SOURCES:
  LZNet:
    :path: "../"

SPEC CHECKSUMS:
  AFNetworking: 5e0e199f73d8626b11e79750991f5d173d1f8b67
  LZNet: 8dbe87395c89d0c1aa9d83328df3340a3f94f4b5

PODFILE CHECKSUM: ce54eaf8d05cdba5759f3a6462cd09d874ab7a3c

COCOAPODS: 1.5.3
